# THIS IS AN AUTOGENERATED FILE. DO NOT EDIT THIS FILE DIRECTLY.
# yarn lockfile v1


"@types/history@*":
  version "4.7.2"
  resolved "https://registry.yarnpkg.com/@types/history/-/history-4.7.2.tgz#0e670ea254d559241b6eeb3894f8754991e73220"
  integrity sha512-ui3WwXmjTaY73fOQ3/m3nnajU/Orhi6cEu5rzX+BrAAJxa3eITXZ5ch9suPqtM03OWhAHhPSyBGCN4UKoxO20Q==

"@types/prop-types@*":
  version "15.7.1"
  resolved "https://registry.yarnpkg.com/@types/prop-types/-/prop-types-15.7.1.tgz#f1a11e7babb0c3cad68100be381d1e064c68f1f6"
  integrity sha512-CFzn9idOEpHrgdw8JsoTkaDDyRWk1jrzIV8djzcgpq0y9tG4B4lFT+Nxh52DVpDXV+n4+NPNv7M1Dj5uMp6XFg==

"@types/react-router-dom@^4.3.3":
  version "4.3.3"
  resolved "https://registry.yarnpkg.com/@types/react-router-dom/-/react-router-dom-4.3.3.tgz#7837e3e9fefbc84a8f6c8a51dca004f4e83e94e3"
  integrity sha512-xj0DmFjgvAqRfh/kJPO7apD5G30yPQe+8slu/dugioQOkdKpyzc4Fgk4hoTelm6CSHz7pI2PPsW5+Y6GRBF2zw==
  dependencies:
    "@types/history" "*"
    "@types/react" "*"
    "@types/react-router" "*"

"@types/react-router@*":
  version "5.0.1"
  resolved "https://registry.yarnpkg.com/@types/react-router/-/react-router-5.0.1.tgz#9f4548c75755c55b0cffdd743080e5afa87da6dd"
  integrity sha512-vOyVO0u3Cs0w6G5DzYqNVqcTsurEnDgOmmkJf2s7VwtunWzpPgI6dHsCBX68vXqeICpP6jCfojgJcHkm5BV7hQ==
  dependencies:
    "@types/history" "*"
    "@types/react" "*"

"@types/react@*":
  version "16.8.19"
  resolved "https://registry.yarnpkg.com/@types/react/-/react-16.8.19.tgz#629154ef05e2e1985cdde94477deefd823ad9be3"
  integrity sha512-QzEzjrd1zFzY9cDlbIiFvdr+YUmefuuRYrPxmkwG0UQv5XF35gFIi7a95m1bNVcFU0VimxSZ5QVGSiBmlggQXQ==
  dependencies:
    "@types/prop-types" "*"
    csstype "^2.2.0"

array-filter@~0.0.0:
  version "0.0.1"
  resolved "https://registry.yarnpkg.com/array-filter/-/array-filter-0.0.1.tgz#7da8cf2e26628ed732803581fd21f67cacd2eeec"
  integrity sha1-fajPLiZijtcygDWB/SH2fKzS7uw=

array-map@~0.0.0:
  version "0.0.0"
  resolved "https://registry.yarnpkg.com/array-map/-/array-map-0.0.0.tgz#88a2bab73d1cf7bcd5c1b118a003f66f665fa662"
  integrity sha1-iKK6tz0c97zVwbEYoAP2b2ZfpmI=

array-reduce@~0.0.0:
  version "0.0.0"
  resolved "https://registry.yarnpkg.com/array-reduce/-/array-reduce-0.0.0.tgz#173899d3ffd1c7d9383e4479525dbe278cab5f2b"
  integrity sha1-FziZ0//Rx9k4PkR5Ul2+J4yrXys=

commander@^2.15.1:
  version "2.20.0"
  resolved "https://registry.yarnpkg.com/commander/-/commander-2.20.0.tgz#d58bb2b5c1ee8f87b0d340027e9e94e222c5a422"
  integrity sha512-7j2y+40w61zy6YC2iRNpUe/NwhNyoXrYpHMrSunaMG64nRnaf96zO/KMQR4OyN/UnE5KLyEBnKHd4aG3rskjpQ==

csstype@^2.2.0:
  version "2.6.5"
  resolved "https://registry.yarnpkg.com/csstype/-/csstype-2.6.5.tgz#1cd1dff742ebf4d7c991470ae71e12bb6751e034"
  integrity sha512-JsTaiksRsel5n7XwqPAfB0l3TFKdpjW/kgAELf9vrb5adGA7UCPLajKK5s3nFrcFm3Rkyp/Qkgl73ENc1UY3cA==

debug@^3.2.6:
  version "3.2.6"
  resolved "https://registry.yarnpkg.com/debug/-/debug-3.2.6.tgz#e83d17de16d8a7efb7717edbe5fb10135eee629b"
  integrity sha512-mel+jf7nrtEl5Pn1Qx46zARXKDpBbvzezse7p7LqINmdoIk8PYP5SySaxEmYv6TZ0JyEKA1hsCId6DIhgITtWQ==
  dependencies:
    ms "^2.1.1"

eventemitter3@^3.0.0:
  version "3.1.2"
  resolved "https://registry.yarnpkg.com/eventemitter3/-/eventemitter3-3.1.2.tgz#2d3d48f9c346698fce83a85d7d664e98535df6e7"
  integrity sha512-tvtQIeLVHjDkJYnzf2dgVMxfuSGJeM/7UCG17TT4EumTfNtF+0nebF/4zWOIkCreAbtNqhGEboB6BWrwqNaw4Q==

follow-redirects@^1.0.0:
  version "1.7.0"
  resolved "https://registry.yarnpkg.com/follow-redirects/-/follow-redirects-1.7.0.tgz#489ebc198dc0e7f64167bd23b03c4c19b5784c76"
  integrity sha512-m/pZQy4Gj287eNy94nivy5wchN3Kp+Q5WgUPNy5lJSZ3sgkVKSYV/ZChMAQVIgx1SqfZ2zBZtPA2YlXIWxxJOQ==
  dependencies:
    debug "^3.2.6"

foreman@^3.0.1:
  version "3.0.1"
  resolved "https://registry.yarnpkg.com/foreman/-/foreman-3.0.1.tgz#805f28afc5a4bbaf08dbb1f5018c557dcbb8a410"
  integrity sha512-ek/qoM0vVKpxzkBUQN9k4Fs7l0XsHv4bqxuEW6oqIS4s0ouYKsQ19YjBzUJKTFRumFiSpUv7jySkrI6lfbhjlw==
  dependencies:
    commander "^2.15.1"
    http-proxy "^1.17.0"
    mustache "^2.2.1"
    shell-quote "^1.6.1"

http-proxy@^1.17.0:
  version "1.17.0"
  resolved "https://registry.yarnpkg.com/http-proxy/-/http-proxy-1.17.0.tgz#7ad38494658f84605e2f6db4436df410f4e5be9a"
  integrity sha512-Taqn+3nNvYRfJ3bGvKfBSRwy1v6eePlm3oc/aWVxZp57DQr5Eq3xhKJi7Z4hZpS8PC3H4qI+Yly5EmFacGuA/g==
  dependencies:
    eventemitter3 "^3.0.0"
    follow-redirects "^1.0.0"
    requires-port "^1.0.0"

jsonify@~0.0.0:
  version "0.0.0"
  resolved "https://registry.yarnpkg.com/jsonify/-/jsonify-0.0.0.tgz#2c74b6ee41d93ca51b7b5aaee8f503631d252a73"
  integrity sha1-LHS27kHZPKUbe1qu6PUDYx0lKnM=

ms@^2.1.1:
  version "2.1.1"
  resolved "https://registry.yarnpkg.com/ms/-/ms-2.1.1.tgz#30a5864eb3ebb0a66f2ebe6d727af06a09d86e0a"
  integrity sha512-tgp+dl5cGk28utYktBsrFqA7HKgrhgPsg6Z/EfhWI4gl1Hwq8B/GmY/0oXZ6nF8hDVesS/FpnYaD/kOWhYQvyg==

mustache@^2.2.1:
  version "2.3.2"
  resolved "https://registry.yarnpkg.com/mustache/-/mustache-2.3.2.tgz#a6d4d9c3f91d13359ab889a812954f9230a3d0c5"
  integrity sha512-KpMNwdQsYz3O/SBS1qJ/o3sqUJ5wSb8gb0pul8CO0S56b9Y2ALm8zCfsjPXsqGFfoNBkDwZuZIAjhsZI03gYVQ==

requires-port@^1.0.0:
  version "1.0.0"
  resolved "https://registry.yarnpkg.com/requires-port/-/requires-port-1.0.0.tgz#925d2601d39ac485e091cf0da5c6e694dc3dcaff"
  integrity sha1-kl0mAdOaxIXgkc8NpcbmlNw9yv8=

shell-quote@^1.6.1:
  version "1.6.1"
  resolved "https://registry.yarnpkg.com/shell-quote/-/shell-quote-1.6.1.tgz#f4781949cce402697127430ea3b3c5476f481767"
  integrity sha1-9HgZSczkAmlxJ0MOo7PFR29IF2c=
  dependencies:
    array-filter "~0.0.0"
    array-map "~0.0.0"
    array-reduce "~0.0.0"
    jsonify "~0.0.0"
